
Microsoft Visual Studio Solution File, Format Version 12.00
# Visual Studio Version 17
VisualStudioVersion = 17.2.32616.157
MinimumVisualStudioVersion = 10.0.40219.1
Project("{FAE04EC0-301F-11D3-BF4B-00C04F79EFBC}") = "WebBanMyPhan", "WebBanMyPhan\WebBanMyPhan.csproj", "{577A2740-45FA-4254-BEA3-A1C987B7DB04}"
EndProject
Global
	GlobalSection(SolutionConfigurationPlatforms) = preSolution
		Debug|Any CPU = Debug|Any CPU
		Release|Any CPU = Release|Any CPU
	EndGlobalSection
	GlobalSection(ProjectConfigurationPlatforms) = postSolution
		{577A2740-45FA-4254-BEA3-A1C987B7DB04}.Debug|Any CPU.ActiveCfg = Debug|Any CPU
		{577A2740-45FA-4254-BEA3-A1C987B7DB04}.Debug|Any CPU.Build.0 = Debug|Any CPU
		{577A2740-45FA-4254-BEA3-A1C987B7DB04}.Release|Any CPU.ActiveCfg = Release|Any CPU
		{577A2740-45FA-4254-BEA3-A1C987B7DB04}.Release|Any CPU.Build.0 = Release|Any CPU
	EndGlobalSection
	GlobalSection(SolutionProperties) = preSolution
		HideSolutionNode = FALSE
	EndGlobalSection
	GlobalSection(ExtensibilityGlobals) = postSolution
		SolutionGuid = {8030295B-A097-45E2-BFB1-B6EC38A93FDA}
	EndGlobalSection
EndGlobal
